{
  "object": {
    "pins": [
      {
        "package": "swift-log",
        "repositoryURL": "https://github.com/apple/swift-log.git",
        "state": {
          "branch": null,
          "revision": "5d66f7ba25daf4f94100e7022febf3c75e37a6c7",
          "version": "1.4.2"
        }
      },
      {
        "package": "SwiftGraph",
        "repositoryURL": "https://github.com/davecom/SwiftGraph.git",
        "state": {
          "branch": null,
          "revision": "76b5180a5cc32eda7f5236a756f4c1e0936311c6",
          "version": "3.1.0"
        }
      }
    ]
  },
  "version": 1
}
